
Microsoft Visual Studio Solution File, Format Version 12.00
# Visual Studio 15
VisualStudioVersion = 15.0.27703.2042
MinimumVisualStudioVersion = 10.0.40219.1
Project("{FAE04EC0-301F-11D3-BF4B-00C04F79EFBC}") = "Dungeon Crawler", "Dungeon Crawler\Dungeon Crawler.csproj", "{B4842B59-DF2D-41FB-B822-27079F150D07}"
EndProject
Global
	GlobalSection(SolutionConfigurationPlatforms) = preSolution
		Debug|x86 = Debug|x86
		Release|x86 = Release|x86
	EndGlobalSection
	GlobalSection(ProjectConfigurationPlatforms) = postSolution
		{B4842B59-DF2D-41FB-B822-27079F150D07}.Debug|x86.ActiveCfg = Debug|x86
		{B4842B59-DF2D-41FB-B822-27079F150D07}.Debug|x86.Build.0 = Debug|x86
		{B4842B59-DF2D-41FB-B822-27079F150D07}.Release|x86.ActiveCfg = Release|x86
		{B4842B59-DF2D-41FB-B822-27079F150D07}.Release|x86.Build.0 = Release|x86
	EndGlobalSection
	GlobalSection(SolutionProperties) = preSolution
		HideSolutionNode = FALSE
	EndGlobalSection
	GlobalSection(ExtensibilityGlobals) = postSolution
		SolutionGuid = {CBE1C929-6A6A-4606-AE10-28179B1F32A6}
	EndGlobalSection
EndGlobal
